
Microsoft Visual Studio Solution File, Format Version 12.00
# Visual Studio Version 17
VisualStudioVersion = 17.1.32421.90
MinimumVisualStudioVersion = 10.0.40219.1
Project("{9A19103F-16F7-4668-BE54-9A1E7A4F7556}") = "Lib_CourseWork", "Lib_CourseWork\Lib_CourseWork.csproj", "{B2E3B6B3-7B9D-4917-837E-F9C66A3BD1F6}"
EndProject
Project("{54435603-DBB4-11D2-8724-00A0C9A8B90C}") = "IS_Library", "IS_Library\IS_Library.vdproj", "{35E28197-E323-4975-8280-919C2E736268}"
EndProject
Global
	GlobalSection(SolutionConfigurationPlatforms) = preSolution
		All|Any CPU = All|Any CPU
		All|x64 = All|x64
		Debug|Any CPU = Debug|Any CPU
		Debug|x64 = Debug|x64
		Release|Any CPU = Release|Any CPU
		Release|x64 = Release|x64
	EndGlobalSection
	GlobalSection(ProjectConfigurationPlatforms) = postSolution
		{B2E3B6B3-7B9D-4917-837E-F9C66A3BD1F6}.All|Any CPU.ActiveCfg = Release|Any CPU
		{B2E3B6B3-7B9D-4917-837E-F9C66A3BD1F6}.All|Any CPU.Build.0 = Release|Any CPU
		{B2E3B6B3-7B9D-4917-837E-F9C66A3BD1F6}.All|x64.ActiveCfg = Release|x64
		{B2E3B6B3-7B9D-4917-837E-F9C66A3BD1F6}.All|x64.Build.0 = Release|x64
		{B2E3B6B3-7B9D-4917-837E-F9C66A3BD1F6}.Debug|Any CPU.ActiveCfg = Debug|Any CPU
		{B2E3B6B3-7B9D-4917-837E-F9C66A3BD1F6}.Debug|Any CPU.Build.0 = Debug|Any CPU
		{B2E3B6B3-7B9D-4917-837E-F9C66A3BD1F6}.Debug|x64.ActiveCfg = Debug|x64
		{B2E3B6B3-7B9D-4917-837E-F9C66A3BD1F6}.Debug|x64.Build.0 = Debug|x64
		{B2E3B6B3-7B9D-4917-837E-F9C66A3BD1F6}.Release|Any CPU.ActiveCfg = Release|Any CPU
		{B2E3B6B3-7B9D-4917-837E-F9C66A3BD1F6}.Release|Any CPU.Build.0 = Release|Any CPU
		{B2E3B6B3-7B9D-4917-837E-F9C66A3BD1F6}.Release|x64.ActiveCfg = Release|x64
		{B2E3B6B3-7B9D-4917-837E-F9C66A3BD1F6}.Release|x64.Build.0 = Release|x64
		{35E28197-E323-4975-8280-919C2E736268}.All|Any CPU.ActiveCfg = Release
		{35E28197-E323-4975-8280-919C2E736268}.All|Any CPU.Build.0 = Release
		{35E28197-E323-4975-8280-919C2E736268}.All|x64.ActiveCfg = Release
		{35E28197-E323-4975-8280-919C2E736268}.All|x64.Build.0 = Release
		{35E28197-E323-4975-8280-919C2E736268}.Debug|Any CPU.ActiveCfg = Debug
		{35E28197-E323-4975-8280-919C2E736268}.Debug|x64.ActiveCfg = Debug
		{35E28197-E323-4975-8280-919C2E736268}.Release|Any CPU.ActiveCfg = Release
		{35E28197-E323-4975-8280-919C2E736268}.Release|x64.ActiveCfg = Release
	EndGlobalSection
	GlobalSection(SolutionProperties) = preSolution
		HideSolutionNode = FALSE
	EndGlobalSection
	GlobalSection(ExtensibilityGlobals) = postSolution
		SolutionGuid = {201F1203-1C2E-4A1F-9BCD-50AC4F5A5B05}
	EndGlobalSection
EndGlobal
